// !$*UTF8*$!
{
	archiveVersion = 1;
	classes = {
	};
	objectVersion = 50;
	objects = {

/* Begin PBXBuildFile section */
		030D1155259A8079005A0975 /* AppDelegate.swift in Sources */ = {isa = PBXBuildFile; fileRef = 030D1154259A8079005A0975 /* AppDelegate.swift */; };
		030D1157259A8079005A0975 /* SceneDelegate.swift in Sources */ = {isa = PBXBuildFile; fileRef = 030D1156259A8079005A0975 /* SceneDelegate.swift */; };
		030D1159259A8079005A0975 /* ViewController.swift in Sources */ = {isa = PBXBuildFile; fileRef = 030D1158259A8079005A0975 /* ViewController.swift */; };
		030D115C259A8079005A0975 /* Main.storyboard in Resources */ = {isa = PBXBuildFile; fileRef = 030D115A259A8079005A0975 /* Main.storyboard */; };
		030D115E259A807A005A0975 /* Assets.xcassets in Resources */ = {isa = PBXBuildFile; fileRef = 030D115D259A807A005A0975 /* Assets.xcassets */; };
		030D1161259A807A005A0975 /* LaunchScreen.storyboard in Resources */ = {isa = PBXBuildFile; fileRef = 030D115F259A807A005A0975 /* LaunchScreen.storyboard */; };
		030D116C259A807A005A0975 /* ListItTests.swift in Sources */ = {isa = PBXBuildFile; fileRef = 030D116B259A807A005A0975 /* ListItTests.swift */; };
		030D1177259A807A005A0975 /* ListItUITests.swift in Sources */ = {isa = PBXBuildFile; fileRef = 030D1176259A807A005A0975 /* ListItUITests.swift */; };
		030D1188259A88C3005A0975 /* EntryViewController.swift in Sources */ = {isa = PBXBuildFile; fileRef = 030D1187259A88C3005A0975 /* EntryViewController.swift */; };
		030D118D259A88D4005A0975 /* TaskViewController.swift in Sources */ = {isa = PBXBuildFile; fileRef = 030D118C259A88D4005A0975 /* TaskViewController.swift */; };
/* End PBXBuildFile section */

/* Begin PBXContainerItemProxy section */
		030D1168259A807A005A0975 /* PBXContainerItemProxy */ = {
			isa = PBXContainerItemProxy;
			containerPortal = 030D1149259A8079005A0975 /* Project object */;
			proxyType = 1;
			remoteGlobalIDString = 030D1150259A8079005A0975;
			remoteInfo = ListIt;
		};
		030D1173259A807A005A0975 /* PBXContainerItemProxy */ = {
			isa = PBXContainerItemProxy;
			containerPortal = 030D1149259A8079005A0975 /* Project object */;
			proxyType = 1;
			remoteGlobalIDString = 030D1150259A8079005A0975;
			remoteInfo = ListIt;
		};
/* End PBXContainerItemProxy section */

/* Begin PBXFileReference section */
		030D1151259A8079005A0975 /* ListIt.app */ = {isa = PBXFileReference; explicitFileType = wrapper.application; includeInIndex = 0; path = ListIt.app; sourceTree = BUILT_PRODUCTS_DIR; };
		030D1154259A8079005A0975 /* AppDelegate.swift */ = {isa = PBXFileReference; lastKnownFileType = sourcecode.swift; path = AppDelegate.swift; sourceTree = "<group>"; };
		030D1156259A8079005A0975 /* SceneDelegate.swift */ = {isa = PBXFileReference; lastKnownFileType = sourcecode.swift; path = SceneDelegate.swift; sourceTree = "<group>"; };
		030D1158259A8079005A0975 /* ViewController.swift */ = {isa = PBXFileReference; lastKnownFileType = sourcecode.swift; path = ViewController.swift; sourceTree = "<group>"; };
		030D115B259A8079005A0975 /* Base */ = {isa = PBXFileReference; lastKnownFileType = file.storyboard; name = Base; path = Base.lproj/Main.storyboard; sourceTree = "<group>"; };
		030D115D259A807A005A0975 /* Assets.xcassets */ = {isa = PBXFileReference; lastKnownFileType = folder.assetcatalog; path = Assets.xcassets; sourceTree = "<group>"; };
		030D1160259A807A005A0975 /* Base */ = {isa = PBXFileReference; lastKnownFileType = file.storyboard; name = Base; path = Base.lproj/LaunchScreen.storyboard; sourceTree = "<group>"; };
		030D1162259A807A005A0975 /* Info.plist */ = {isa = PBXFileReference; lastKnownFileType = text.plist.xml; path = Info.plist; sourceTree = "<group>"; };
		030D1167259A807A005A0975 /* ListItTests.xctest */ = {isa = PBXFileReference; explicitFileType = wrapper.cfbundle; includeInIndex = 0; path = ListItTests.xctest; sourceTree = BUILT_PRODUCTS_DIR; };
		030D116B259A807A005A0975 /* ListItTests.swift */ = {isa = PBXFileReference; lastKnownFileType = sourcecode.swift; path = ListItTests.swift; sourceTree = "<group>"; };
		030D116D259A807A005A0975 /* Info.plist */ = {isa = PBXFileReference; lastKnownFileType = text.plist.xml; path = Info.plist; sourceTree = "<group>"; };
		030D1172259A807A005A0975 /* ListItUITests.xctest */ = {isa = PBXFileReference; explicitFileType = wrapper.cfbundle; includeInIndex = 0; path = ListItUITests.xctest; sourceTree = BUILT_PRODUCTS_DIR; };
		030D1176259A807A005A0975 /* ListItUITests.swift */ = {isa = PBXFileReference; lastKnownFileType = sourcecode.swift; path = ListItUITests.swift; sourceTree = "<group>"; };
		030D1178259A807A005A0975 /* Info.plist */ = {isa = PBXFileReference; lastKnownFileType = text.plist.xml; path = Info.plist; sourceTree = "<group>"; };
		030D1187259A88C3005A0975 /* EntryViewController.swift */ = {isa = PBXFileReference; lastKnownFileType = sourcecode.swift; path = EntryViewController.swift; sourceTree = "<group>"; };
		030D118C259A88D4005A0975 /* TaskViewController.swift */ = {isa = PBXFileReference; lastKnownFileType = sourcecode.swift; path = TaskViewController.swift; sourceTree = "<group>"; };
/* End PBXFileReference section */

/* Begin PBXFrameworksBuildPhase section */
		030D114E259A8079005A0975 /* Frameworks */ = {
			isa = PBXFrameworksBuildPhase;
			buildActionMask = 2147483647;
			files = (
			);
			runOnlyForDeploymentPostprocessing = 0;
		};
		030D1164259A807A005A0975 /* Frameworks */ = {
			isa = PBXFrameworksBuildPhase;
			buildActionMask = 2147483647;
			files = (
			);
			runOnlyForDeploymentPostprocessing = 0;
		};
		030D116F259A807A005A0975 /* Frameworks */ = {
			isa = PBXFrameworksBuildPhase;
			buildActionMask = 2147483647;
			files = (
			);
			runOnlyForDeploymentPostprocessing = 0;
		};
/* End PBXFrameworksBuildPhase section */

/* Begin PBXGroup section */
		030D1148259A8079005A0975 = {
			isa = PBXGroup;
			children = (
				030D1153259A8079005A0975 /* ListIt */,
				030D116A259A807A005A0975 /* ListItTests */,
				030D1175259A807A005A0975 /* ListItUITests */,
				030D1152259A8079005A0975 /* Products */,
			);
			sourceTree = "<group>";
		};
		030D1152259A8079005A0975 /* Products */ = {
			isa = PBXGroup;
			children = (
				030D1151259A8079005A0975 /* ListIt.app */,
				030D1167259A807A005A0975 /* ListItTests.xctest */,
				030D1172259A807A005A0975 /* ListItUITests.xctest */,
			);
			name = Products;
			sourceTree = "<group>";
		};
		030D1153259A8079005A0975 /* ListIt */ = {
			isa = PBXGroup;
			children = (
				030D1154259A8079005A0975 /* AppDelegate.swift */,
				030D1156259A8079005A0975 /* SceneDelegate.swift */,
				030D1158259A8079005A0975 /* ViewController.swift */,
				030D115A259A8079005A0975 /* Main.storyboard */,
				030D115D259A807A005A0975 /* Assets.xcassets */,
				030D115F259A807A005A0975 /* LaunchScreen.storyboard */,
				030D1162259A807A005A0975 /* Info.plist */,
				030D1187259A88C3005A0975 /* EntryViewController.swift */,
				030D118C259A88D4005A0975 /* TaskViewController.swift */,
			);
			path = ListIt;
			sourceTree = "<group>";
		};
		030D116A259A807A005A0975 /* ListItTests */ = {
			isa = PBXGroup;
			children = (
				030D116B259A807A005A0975 /* ListItTests.swift */,
				030D116D259A807A005A0975 /* Info.plist */,
			);
			path = ListItTests;
			sourceTree = "<group>";
		};
		030D1175259A807A005A0975 /* ListItUITests */ = {
			isa = PBXGroup;
			children = (
				030D1176259A807A005A0975 /* ListItUITests.swift */,
				030D1178259A807A005A0975 /* Info.plist */,
			);
			path = ListItUITests;
			sourceTree = "<group>";
		};
/* End PBXGroup section */

/* Begin PBXNativeTarget section */
		030D1150259A8079005A0975 /* ListIt */ = {
			isa = PBXNativeTarget;
			buildConfigurationList = 030D117B259A807A005A0975 /* Build configuration list for PBXNativeTarget "ListIt" */;
			buildPhases = (
				030D114D259A8079005A0975 /* Sources */,
				030D114E259A8079005A0975 /* Frameworks */,
				030D114F259A8079005A0975 /* Resources */,
			);
			buildRules = (
			);
			dependencies = (
			);
			name = ListIt;
			productName = ListIt;
			productReference = 030D1151259A8079005A0975 /* ListIt.app */;
			productType = "com.apple.product-type.application";
		};
		030D1166259A807A005A0975 /* ListItTests */ = {
			isa = PBXNativeTarget;
			buildConfigurationList = 030D117E259A807A005A0975 /* Build configuration list for PBXNativeTarget "ListItTests" */;
			buildPhases = (
				030D1163259A807A005A0975 /* Sources */,
				030D1164259A807A005A0975 /* Frameworks */,
				030D1165259A807A005A0975 /* Resources */,
			);
			buildRules = (
			);
			dependencies = (
				030D1169259A807A005A0975 /* PBXTargetDependency */,
			);
			name = ListItTests;
			productName = ListItTests;
			productReference = 030D1167259A807A005A0975 /* ListItTests.xctest */;
			productType = "com.apple.product-type.bundle.unit-test";
		};
		030D1171259A807A005A0975 /* ListItUITests */ = {
			isa = PBXNativeTarget;
			buildConfigurationList = 030D1181259A807A005A0975 /* Build configuration list for PBXNativeTarget "ListItUITests" */;
			buildPhases = (
				030D116E259A807A005A0975 /* Sources */,
				030D116F259A807A005A0975 /* Frameworks */,
				030D1170259A807A005A0975 /* Resources */,
			);
			buildRules = (
			);
			dependencies = (
				030D1174259A807A005A0975 /* PBXTargetDependency */,
			);
			name = ListItUITests;
			productName = ListItUITests;
			productReference = 030D1172259A807A005A0975 /* ListItUITests.xctest */;
			productType = "com.apple.product-type.bundle.ui-testing";
		};
/* End PBXNativeTarget section */

/* Begin PBXProject section */
		030D1149259A8079005A0975 /* Project object */ = {
			isa = PBXProject;
			attributes = {
				LastSwiftUpdateCheck = 1230;
				LastUpgradeCheck = 1230;
				TargetAttributes = {
					030D1150259A8079005A0975 = {
						CreatedOnToolsVersion = 12.3;
					};
					030D1166259A807A005A0975 = {
						CreatedOnToolsVersion = 12.3;
						TestTargetID = 030D1150259A8079005A0975;
					};
					030D1171259A807A005A0975 = {
						CreatedOnToolsVersion = 12.3;
						TestTargetID = 030D1150259A8079005A0975;
					};
				};
			};
			buildConfigurationList = 030D114C259A8079005A0975 /* Build configuration list for PBXProject "ListIt" */;
			compatibilityVersion = "Xcode 9.3";
			developmentRegion = en;
			hasScannedForEncodings = 0;
			knownRegions = (
				en,
				Base,
			);
			mainGroup = 030D1148259A8079005A0975;
			productRefGroup = 030D1152259A8079005A0975 /* Products */;
			projectDirPath = "";
			projectRoot = "";
			targets = (
				030D1150259A8079005A0975 /* ListIt */,
				030D1166259A807A005A0975 /* ListItTests */,
				030D1171259A807A005A0975 /* ListItUITests */,
			);
		};
/* End PBXProject section */

/* Begin PBXResourcesBuildPhase section */
		030D114F259A8079005A0975 /* Resources */ = {
			isa = PBXResourcesBuildPhase;
			buildActionMask = 2147483647;
			files = (
				030D1161259A807A005A0975 /* LaunchScreen.storyboard in Resources */,
				030D115E259A807A005A0975 /* Assets.xcassets in Resources */,
				030D115C259A8079005A0975 /* Main.storyboard in Resources */,
			);
			runOnlyForDeploymentPostprocessing = 0;
		};
		030D1165259A807A005A0975 /* Resources */ = {
			isa = PBXResourcesBuildPhase;
			buildActionMask = 2147483647;
			files = (
			);
			runOnlyForDeploymentPostprocessing = 0;
		};
		030D1170259A807A005A0975 /* Resources */ = {
			isa = PBXResourcesBuildPhase;
			buildActionMask = 2147483647;
			files = (
			);
			runOnlyForDeploymentPostprocessing = 0;
		};
/* End PBXResourcesBuildPhase section */

/* Begin PBXSourcesBuildPhase section */
		030D114D259A8079005A0975 /* Sources */ = {
			isa = PBXSourcesBuildPhase;
			buildActionMask = 2147483647;
			files = (
				030D1159259A8079005A0975 /* ViewController.swift in Sources */,
				030D1188259A88C3005A0975 /* EntryViewController.swift in Sources */,
				030D118D259A88D4005A0975 /* TaskViewController.swift in Sources */,
				030D1155259A8079005A0975 /* AppDelegate.swift in Sources */,
				030D1157259A8079005A0975 /* SceneDelegate.swift in Sources */,
			);
			runOnlyForDeploymentPostprocessing = 0;
		};
		030D1163259A807A005A0975 /* Sources */ = {
			isa = PBXSourcesBuildPhase;
			buildActionMask = 2147483647;
			files = (
				030D116C259A807A005A0975 /* ListItTests.swift in Sources */,
			);
			runOnlyForDeploymentPostprocessing = 0;
		};
		030D116E259A807A005A0975 /* Sources */ = {
			isa = PBXSourcesBuildPhase;
			buildActionMask = 2147483647;
			files = (
				030D1177259A807A005A0975 /* ListItUITests.swift in Sources */,
			);
			runOnlyForDeploymentPostprocessing = 0;
		};
/* End PBXSourcesBuildPhase section */

/* Begin PBXTargetDependency section */
		030D1169259A807A005A0975 /* PBXTargetDependency */ = {
			isa = PBXTargetDependency;
			target = 030D1150259A8079005A0975 /* ListIt */;
			targetProxy = 030D1168259A807A005A0975 /* PBXContainerItemProxy */;
		};
		030D1174259A807A005A0975 /* PBXTargetDependency */ = {
			isa = PBXTargetDependency;
			target = 030D1150259A8079005A0975 /* ListIt */;
			targetProxy = 030D1173259A807A005A0975 /* PBXContainerItemProxy */;
		};
/* End PBXTargetDependency section */

/* Begin PBXVariantGroup section */
		030D115A259A8079005A0975 /* Main.storyboard */ = {
			isa = PBXVariantGroup;
			children = (
				030D115B259A8079005A0975 /* Base */,
			);
			name = Main.storyboard;
			sourceTree = "<group>";
		};
		030D115F259A807A005A0975 /* LaunchScreen.storyboard */ = {
			isa = PBXVariantGroup;
			children = (
				030D1160259A807A005A0975 /* Base */,
			);
			name = LaunchScreen.storyboard;
			sourceTree = "<group>";
		};
/* End PBXVariantGroup section */

/* Begin XCBuildConfiguration section */
		030D1179259A807A005A0975 /* Debug */ = {
			isa = XCBuildConfiguration;
			buildSettings = {
				ALWAYS_SEARCH_USER_PATHS = NO;
				CLANG_ANALYZER_NONNULL = YES;
				CLANG_ANALYZER_NUMBER_OBJECT_CONVERSION = YES_AGGRESSIVE;
				CLANG_CXX_LANGUAGE_STANDARD = "gnu++14";
				CLANG_CXX_LIBRARY = "libc++";
				CLANG_ENABLE_MODULES = YES;
				CLANG_ENABLE_OBJC_ARC = YES;
				CLANG_ENABLE_OBJC_WEAK = YES;
				CLANG_WARN_BLOCK_CAPTURE_AUTORELEASING = YES;
				CLANG_WARN_BOOL_CONVERSION = YES;
				CLANG_WARN_COMMA = YES;
				CLANG_WARN_CONSTANT_CONVERSION = YES;
				CLANG_WARN_DEPRECATED_OBJC_IMPLEMENTATIONS = YES;
				CLANG_WARN_DIRECT_OBJC_ISA_USAGE = YES_ERROR;
				CLANG_WARN_DOCUMENTATION_COMMENTS = YES;
				CLANG_WARN_EMPTY_BODY = YES;
				CLANG_WARN_ENUM_CONVERSION = YES;
				CLANG_WARN_INFINITE_RECURSION = YES;
				CLANG_WARN_INT_CONVERSION = YES;
				CLANG_WARN_NON_LITERAL_NULL_CONVERSION = YES;
				CLANG_WARN_OBJC_IMPLICIT_RETAIN_SELF = YES;
				CLANG_WARN_OBJC_LITERAL_CONVERSION = YES;
				CLANG_WARN_OBJC_ROOT_CLASS = YES_ERROR;
				CLANG_WARN_QUOTED_INCLUDE_IN_FRAMEWORK_HEADER = YES;
				CLANG_WARN_RANGE_LOOP_ANALYSIS = YES;
				CLANG_WARN_STRICT_PROTOTYPES = YES;
				CLANG_WARN_SUSPICIOUS_MOVE = YES;
				CLANG_WARN_UNGUARDED_AVAILABILITY = YES_AGGRESSIVE;
				CLANG_WARN_UNREACHABLE_CODE = YES;
				CLANG_WARN__DUPLICATE_METHOD_MATCH = YES;
				COPY_PHASE_STRIP = NO;
				DEBUG_INFORMATION_FORMAT = dwarf;
				ENABLE_STRICT_OBJC_MSGSEND = YES;
				ENABLE_TESTABILITY = YES;
				GCC_C_LANGUAGE_STANDARD = gnu11;
				GCC_DYNAMIC_NO_PIC = NO;
				GCC_NO_COMMON_BLOCKS = YES;
				GCC_OPTIMIZATION_LEVEL = 0;
				GCC_PREPROCESSOR_DEFINITIONS = (
					"DEBUG=1",
					"$(inherited)",
				);
				GCC_WARN_64_TO_32_BIT_CONVERSION = YES;
				GCC_WARN_ABOUT_RETURN_TYPE = YES_ERROR;
				GCC_WARN_UNDECLARED_SELECTOR = YES;
				GCC_WARN_UNINITIALIZED_AUTOS = YES_AGGRESSIVE;
				GCC_WARN_UNUSED_FUNCTION = YES;
				GCC_WARN_UNUSED_VARIABLE = YES;
				IPHONEOS_DEPLOYMENT_TARGET = 14.3;
				MTL_ENABLE_DEBUG_INFO = INCLUDE_SOURCE;
				MTL_FAST_MATH = YES;
				ONLY_ACTIVE_ARCH = YES;
				SDKROOT = iphoneos;
				SWIFT_ACTIVE_COMPILATION_CONDITIONS = DEBUG;
				SWIFT_OPTIMIZATION_LEVEL = "-Onone";
			};
			name = Debug;
		};
		030D117A259A807A005A0975 /* Release */ = {
			isa = XCBuildConfiguration;
			buildSettings = {
				ALWAYS_SEARCH_USER_PATHS = NO;
				CLANG_ANALYZER_NONNULL = YES;
				CLANG_ANALYZER_NUMBER_OBJECT_CONVERSION = YES_AGGRESSIVE;
				CLANG_CXX_LANGUAGE_STANDARD = "gnu++14";
				CLANG_CXX_LIBRARY = "libc++";
				CLANG_ENABLE_MODULES = YES;
				CLANG_ENABLE_OBJC_ARC = YES;
				CLANG_ENABLE_OBJC_WEAK = YES;
				CLANG_WARN_BLOCK_CAPTURE_AUTORELEASING = YES;
				CLANG_WARN_BOOL_CONVERSION = YES;
				CLANG_WARN_COMMA = YES;
				CLANG_WARN_CONSTANT_CONVERSION = YES;
				CLANG_WARN_DEPRECATED_OBJC_IMPLEMENTATIONS = YES;
				CLANG_WARN_DIRECT_OBJC_ISA_USAGE = YES_ERROR;
				CLANG_WARN_DOCUMENTATION_COMMENTS = YES;
				CLANG_WARN_EMPTY_BODY = YES;
				CLANG_WARN_ENUM_CONVERSION = YES;
				CLANG_WARN_INFINITE_RECURSION = YES;
				CLANG_WARN_INT_CONVERSION = YES;
				CLANG_WARN_NON_LITERAL_NULL_CONVERSION = YES;
				CLANG_WARN_OBJC_IMPLICIT_RETAIN_SELF = YES;
				CLANG_WARN_OBJC_LITERAL_CONVERSION = YES;
				CLANG_WARN_OBJC_ROOT_CLASS = YES_ERROR;
				CLANG_WARN_QUOTED_INCLUDE_IN_FRAMEWORK_HEADER = YES;
				CLANG_WARN_RANGE_LOOP_ANALYSIS = YES;
				CLANG_WARN_STRICT_PROTOTYPES = YES;
				CLANG_WARN_SUSPICIOUS_MOVE = YES;
				CLANG_WARN_UNGUARDED_AVAILABILITY = YES_AGGRESSIVE;
				CLANG_WARN_UNREACHABLE_CODE = YES;
				CLANG_WARN__DUPLICATE_METHOD_MATCH = YES;
				COPY_PHASE_STRIP = NO;
				DEBUG_INFORMATION_FORMAT = "dwarf-with-dsym";
				ENABLE_NS_ASSERTIONS = NO;
				ENABLE_STRICT_OBJC_MSGSEND = YES;
				GCC_C_LANGUAGE_STANDARD = gnu11;
				GCC_NO_COMMON_BLOCKS = YES;
				GCC_WARN_64_TO_32_BIT_CONVERSION = YES;
				GCC_WARN_ABOUT_RETURN_TYPE = YES_ERROR;
				GCC_WARN_UNDECLARED_SELECTOR = YES;
				GCC_WARN_UNINITIALIZED_AUTOS = YES_AGGRESSIVE;
				GCC_WARN_UNUSED_FUNCTION = YES;
				GCC_WARN_UNUSED_VARIABLE = YES;
				IPHONEOS_DEPLOYMENT_TARGET = 14.3;
				MTL_ENABLE_DEBUG_INFO = NO;
				MTL_FAST_MATH = YES;
				SDKROOT = iphoneos;
				SWIFT_COMPILATION_MODE = wholemodule;
				SWIFT_OPTIMIZATION_LEVEL = "-O";
				VALIDATE_PRODUCT = YES;
			};
			name = Release;
		};
		030D117C259A807A005A0975 /* Debug */ = {
			isa = XCBuildConfiguration;
			buildSettings = {
				ASSETCATALOG_COMPILER_APPICON_NAME = AppIcon;
				ASSETCATALOG_COMPILER_GLOBAL_ACCENT_COLOR_NAME = AccentColor;
				CODE_SIGN_STYLE = Automatic;
				INFOPLIST_FILE = ListIt/Info.plist;
				LD_RUNPATH_SEARCH_PATHS = (
					"$(inherited)",
					"@executable_path/Frameworks",
				);
				PRODUCT_BUNDLE_IDENTIFIER = com.hassanshakeel.Listit.ListIt;
				PRODUCT_NAME = "$(TARGET_NAME)";
				SWIFT_VERSION = 5.0;
				TARGETED_DEVICE_FAMILY = "1,2";
			};
			name = Debug;
		};
		030D117D259A807A005A0975 /* Release */ = {
			isa = XCBuildConfiguration;
			buildSettings = {
				ASSETCATALOG_COMPILER_APPICON_NAME = AppIcon;
				ASSETCATALOG_COMPILER_GLOBAL_ACCENT_COLOR_NAME = AccentColor;
				CODE_SIGN_STYLE = Automatic;
				INFOPLIST_FILE = ListIt/Info.plist;
				LD_RUNPATH_SEARCH_PATHS = (
					"$(inherited)",
					"@executable_path/Frameworks",
				);
				PRODUCT_BUNDLE_IDENTIFIER = com.hassanshakeel.Listit.ListIt;
				PRODUCT_NAME = "$(TARGET_NAME)";
				SWIFT_VERSION = 5.0;
				TARGETED_DEVICE_FAMILY = "1,2";
			};
			name = Release;
		};
		030D117F259A807A005A0975 /* Debug */ = {
			isa = XCBuildConfiguration;
			buildSettings = {
				ALWAYS_EMBED_SWIFT_STANDARD_LIBRARIES = YES;
				BUNDLE_LOADER = "$(TEST_HOST)";
				CODE_SIGN_STYLE = Automatic;
				INFOPLIST_FILE = ListItTests/Info.plist;
				IPHONEOS_DEPLOYMENT_TARGET = 14.3;
				LD_RUNPATH_SEARCH_PATHS = (
					"$(inherited)",
					"@executable_path/Frameworks",
					"@loader_path/Frameworks",
				);
				PRODUCT_BUNDLE_IDENTIFIER = com.hassanshakeel.Listit.ListItTests;
				PRODUCT_NAME = "$(TARGET_NAME)";
				SWIFT_VERSION = 5.0;
				TARGETED_DEVICE_FAMILY = "1,2";
				TEST_HOST = "$(BUILT_PRODUCTS_DIR)/ListIt.app/ListIt";
			};
			name = Debug;
		};
		030D1180259A807A005A0975 /* Release */ = {
			isa = XCBuildConfiguration;
			buildSettings = {
				ALWAYS_EMBED_SWIFT_STANDARD_LIBRARIES = YES;
				BUNDLE_LOADER = "$(TEST_HOST)";
				CODE_SIGN_STYLE = Automatic;
				INFOPLIST_FILE = ListItTests/Info.plist;
				IPHONEOS_DEPLOYMENT_TARGET = 14.3;
				LD_RUNPATH_SEARCH_PATHS = (
					"$(inherited)",
					"@executable_path/Frameworks",
					"@loader_path/Frameworks",
				);
				PRODUCT_BUNDLE_IDENTIFIER = com.hassanshakeel.Listit.ListItTests;
				PRODUCT_NAME = "$(TARGET_NAME)";
				SWIFT_VERSION = 5.0;
				TARGETED_DEVICE_FAMILY = "1,2";
				TEST_HOST = "$(BUILT_PRODUCTS_DIR)/ListIt.app/ListIt";
			};
			name = Release;
		};
		030D1182259A807A005A0975 /* Debug */ = {
			isa = XCBuildConfiguration;
			buildSettings = {
				ALWAYS_EMBED_SWIFT_STANDARD_LIBRARIES = YES;
				CODE_SIGN_STYLE = Automatic;
				INFOPLIST_FILE = ListItUITests/Info.plist;
				LD_RUNPATH_SEARCH_PATHS = (
					"$(inherited)",
					"@executable_path/Frameworks",
					"@loader_path/Frameworks",
				);
				PRODUCT_BUNDLE_IDENTIFIER = com.hassanshakeel.Listit.ListItUITests;
				PRODUCT_NAME = "$(TARGET_NAME)";
				SWIFT_VERSION = 5.0;
				TARGETED_DEVICE_FAMILY = "1,2";
				TEST_TARGET_NAME = ListIt;
			};
			name = Debug;
		};
		030D1183259A807A005A0975 /* Release */ = {
			isa = XCBuildConfiguration;
			buildSettings = {
				ALWAYS_EMBED_SWIFT_STANDARD_LIBRARIES = YES;
				CODE_SIGN_STYLE = Automatic;
				INFOPLIST_FILE = ListItUITests/Info.plist;
				LD_RUNPATH_SEARCH_PATHS = (
					"$(inherited)",
					"@executable_path/Frameworks",
					"@loader_path/Frameworks",
				);
				PRODUCT_BUNDLE_IDENTIFIER = com.hassanshakeel.Listit.ListItUITests;
				PRODUCT_NAME = "$(TARGET_NAME)";
				SWIFT_VERSION = 5.0;
				TARGETED_DEVICE_FAMILY = "1,2";
				TEST_TARGET_NAME = ListIt;
			};
			name = Release;
		};
/* End XCBuildConfiguration section */

/* Begin XCConfigurationList section */
		030D114C259A8079005A0975 /* Build configuration list for PBXProject "ListIt" */ = {
			isa = XCConfigurationList;
			buildConfigurations = (
				030D1179259A807A005A0975 /* Debug */,
				030D117A259A807A005A0975 /* Release */,
			);
			defaultConfigurationIsVisible = 0;
			defaultConfigurationName = Release;
		};
		030D117B259A807A005A0975 /* Build configuration list for PBXNativeTarget "ListIt" */ = {
			isa = XCConfigurationList;
			buildConfigurations = (
				030D117C259A807A005A0975 /* Debug */,
				030D117D259A807A005A0975 /* Release */,
			);
			defaultConfigurationIsVisible = 0;
			defaultConfigurationName = Release;
		};
		030D117E259A807A005A0975 /* Build configuration list for PBXNativeTarget "ListItTests" */ = {
			isa = XCConfigurationList;
			buildConfigurations = (
				030D117F259A807A005A0975 /* Debug */,
				030D1180259A807A005A0975 /* Release */,
			);
			defaultConfigurationIsVisible = 0;
			defaultConfigurationName = Release;
		};
		030D1181259A807A005A0975 /* Build configuration list for PBXNativeTarget "ListItUITests" */ = {
			isa = XCConfigurationList;
			buildConfigurations = (
				030D1182259A807A005A0975 /* Debug */,
				030D1183259A807A005A0975 /* Release */,
			);
			defaultConfigurationIsVisible = 0;
			defaultConfigurationName = Release;
		};
/* End XCConfigurationList section */
	};
	rootObject = 030D1149259A8079005A0975 /* Project object */;
}
